
Microsoft Visual Studio Solution File, Format Version 12.00
# Visual Studio Version 16
VisualStudioVersion = 16.0.32106.194
MinimumVisualStudioVersion = 10.0.40219.1
Project("{FAE04EC0-301F-11D3-BF4B-00C04F79EFBC}") = "employeeForm", "employeeForm\employeeForm.csproj", "{56079633-510F-49D3-96F6-2DA0D87ED79F}"
EndProject
Global
	GlobalSection(SolutionConfigurationPlatforms) = preSolution
		Debug|Any CPU = Debug|Any CPU
		Release|Any CPU = Release|Any CPU
	EndGlobalSection
	GlobalSection(ProjectConfigurationPlatforms) = postSolution
		{56079633-510F-49D3-96F6-2DA0D87ED79F}.Debug|Any CPU.ActiveCfg = Debug|Any CPU
		{56079633-510F-49D3-96F6-2DA0D87ED79F}.Debug|Any CPU.Build.0 = Debug|Any CPU
		{56079633-510F-49D3-96F6-2DA0D87ED79F}.Release|Any CPU.ActiveCfg = Release|Any CPU
		{56079633-510F-49D3-96F6-2DA0D87ED79F}.Release|Any CPU.Build.0 = Release|Any CPU
	EndGlobalSection
	GlobalSection(SolutionProperties) = preSolution
		HideSolutionNode = FALSE
	EndGlobalSection
	GlobalSection(ExtensibilityGlobals) = postSolution
		SolutionGuid = {FA578A32-21A8-46B8-8BAA-C9B206C7A99A}
	EndGlobalSection
EndGlobal
